// !$*UTF8*$!
{
	archiveVersion = 1;
	classes = {
	};
	objectVersion = 56;
	objects = {

/* Begin PBXBuildFile section */
		BA789C5B2B62D74C00C27E39 /* AppDelegate.swift in Sources */ = {isa = PBXBuildFile; fileRef = BA789C5A2B62D74C00C27E39 /* AppDelegate.swift */; };
		BA789C5D2B62D74C00C27E39 /* SceneDelegate.swift in Sources */ = {isa = PBXBuildFile; fileRef = BA789C5C2B62D74C00C27E39 /* SceneDelegate.swift */; };
		BA789C5F2B62D74C00C27E39 /* RMTabBarController.swift in Sources */ = {isa = PBXBuildFile; fileRef = BA789C5E2B62D74C00C27E39 /* RMTabBarController.swift */; };
		BA789C642B62D75000C27E39 /* Assets.xcassets in Resources */ = {isa = PBXBuildFile; fileRef = BA789C632B62D75000C27E39 /* Assets.xcassets */; };
		BA789C672B62D75000C27E39 /* LaunchScreen.storyboard in Resources */ = {isa = PBXBuildFile; fileRef = BA789C652B62D75000C27E39 /* LaunchScreen.storyboard */; };
		BA789C762B62EE9000C27E39 /* RMLocation.swift in Sources */ = {isa = PBXBuildFile; fileRef = BA789C752B62EE9000C27E39 /* RMLocation.swift */; };
		BA789C782B62EE9D00C27E39 /* RMCharacter.swift in Sources */ = {isa = PBXBuildFile; fileRef = BA789C772B62EE9D00C27E39 /* RMCharacter.swift */; };
		BA789C7A2B62EEAA00C27E39 /* RMEpisode.swift in Sources */ = {isa = PBXBuildFile; fileRef = BA789C792B62EEAA00C27E39 /* RMEpisode.swift */; };
		BA789C7E2B62F66E00C27E39 /* RMCharacterViewController.swift in Sources */ = {isa = PBXBuildFile; fileRef = BA789C7D2B62F66E00C27E39 /* RMCharacterViewController.swift */; };
		BA789C802B62F68700C27E39 /* RMEpisodeViewController.swift in Sources */ = {isa = PBXBuildFile; fileRef = BA789C7F2B62F68700C27E39 /* RMEpisodeViewController.swift */; };
		BA789C822B62F6A100C27E39 /* RMLocationViewController.swift in Sources */ = {isa = PBXBuildFile; fileRef = BA789C812B62F6A100C27E39 /* RMLocationViewController.swift */; };
		BA789C842B62F6D200C27E39 /* RMSettingsViewController.swift in Sources */ = {isa = PBXBuildFile; fileRef = BA789C832B62F6D200C27E39 /* RMSettingsViewController.swift */; };
		BA789C862B630DFD00C27E39 /* RMService.swift in Sources */ = {isa = PBXBuildFile; fileRef = BA789C852B630DFD00C27E39 /* RMService.swift */; };
		BA789C882B630E0900C27E39 /* RMRequest.swift in Sources */ = {isa = PBXBuildFile; fileRef = BA789C872B630E0900C27E39 /* RMRequest.swift */; };
		BA789C8A2B6360A200C27E39 /* RMEndpoint.swift in Sources */ = {isa = PBXBuildFile; fileRef = BA789C892B6360A200C27E39 /* RMEndpoint.swift */; };
/* End PBXBuildFile section */

/* Begin PBXFileReference section */
		BA789C572B62D74C00C27E39 /* RickAndMorty.app */ = {isa = PBXFileReference; explicitFileType = wrapper.application; includeInIndex = 0; path = RickAndMorty.app; sourceTree = BUILT_PRODUCTS_DIR; };
		BA789C5A2B62D74C00C27E39 /* AppDelegate.swift */ = {isa = PBXFileReference; lastKnownFileType = sourcecode.swift; path = AppDelegate.swift; sourceTree = "<group>"; };
		BA789C5C2B62D74C00C27E39 /* SceneDelegate.swift */ = {isa = PBXFileReference; lastKnownFileType = sourcecode.swift; path = SceneDelegate.swift; sourceTree = "<group>"; };
		BA789C5E2B62D74C00C27E39 /* RMTabBarController.swift */ = {isa = PBXFileReference; lastKnownFileType = sourcecode.swift; path = RMTabBarController.swift; sourceTree = "<group>"; };
		BA789C632B62D75000C27E39 /* Assets.xcassets */ = {isa = PBXFileReference; lastKnownFileType = folder.assetcatalog; path = Assets.xcassets; sourceTree = "<group>"; };
		BA789C662B62D75000C27E39 /* Base */ = {isa = PBXFileReference; lastKnownFileType = file.storyboard; name = Base; path = Base.lproj/LaunchScreen.storyboard; sourceTree = "<group>"; };
		BA789C682B62D75000C27E39 /* Info.plist */ = {isa = PBXFileReference; lastKnownFileType = text.plist.xml; path = Info.plist; sourceTree = "<group>"; };
		BA789C752B62EE9000C27E39 /* RMLocation.swift */ = {isa = PBXFileReference; lastKnownFileType = sourcecode.swift; path = RMLocation.swift; sourceTree = "<group>"; };
		BA789C772B62EE9D00C27E39 /* RMCharacter.swift */ = {isa = PBXFileReference; lastKnownFileType = sourcecode.swift; path = RMCharacter.swift; sourceTree = "<group>"; };
		BA789C792B62EEAA00C27E39 /* RMEpisode.swift */ = {isa = PBXFileReference; lastKnownFileType = sourcecode.swift; path = RMEpisode.swift; sourceTree = "<group>"; };
		BA789C7D2B62F66E00C27E39 /* RMCharacterViewController.swift */ = {isa = PBXFileReference; lastKnownFileType = sourcecode.swift; path = RMCharacterViewController.swift; sourceTree = "<group>"; };
		BA789C7F2B62F68700C27E39 /* RMEpisodeViewController.swift */ = {isa = PBXFileReference; lastKnownFileType = sourcecode.swift; path = RMEpisodeViewController.swift; sourceTree = "<group>"; };
		BA789C812B62F6A100C27E39 /* RMLocationViewController.swift */ = {isa = PBXFileReference; lastKnownFileType = sourcecode.swift; path = RMLocationViewController.swift; sourceTree = "<group>"; };
		BA789C832B62F6D200C27E39 /* RMSettingsViewController.swift */ = {isa = PBXFileReference; lastKnownFileType = sourcecode.swift; path = RMSettingsViewController.swift; sourceTree = "<group>"; };
		BA789C852B630DFD00C27E39 /* RMService.swift */ = {isa = PBXFileReference; lastKnownFileType = sourcecode.swift; path = RMService.swift; sourceTree = "<group>"; };
		BA789C872B630E0900C27E39 /* RMRequest.swift */ = {isa = PBXFileReference; lastKnownFileType = sourcecode.swift; path = RMRequest.swift; sourceTree = "<group>"; };
		BA789C892B6360A200C27E39 /* RMEndpoint.swift */ = {isa = PBXFileReference; lastKnownFileType = sourcecode.swift; path = RMEndpoint.swift; sourceTree = "<group>"; };
/* End PBXFileReference section */

/* Begin PBXFrameworksBuildPhase section */
		BA789C542B62D74C00C27E39 /* Frameworks */ = {
			isa = PBXFrameworksBuildPhase;
			buildActionMask = 2147483647;
			files = (
			);
			runOnlyForDeploymentPostprocessing = 0;
		};
/* End PBXFrameworksBuildPhase section */

/* Begin PBXGroup section */
		BA789C4E2B62D74C00C27E39 = {
			isa = PBXGroup;
			children = (
				BA789C592B62D74C00C27E39 /* RickAndMorty */,
				BA789C582B62D74C00C27E39 /* Products */,
			);
			sourceTree = "<group>";
		};
		BA789C582B62D74C00C27E39 /* Products */ = {
			isa = PBXGroup;
			children = (
				BA789C572B62D74C00C27E39 /* RickAndMorty.app */,
			);
			name = Products;
			sourceTree = "<group>";
		};
		BA789C592B62D74C00C27E39 /* RickAndMorty */ = {
			isa = PBXGroup;
			children = (
				BA789C742B62EDD500C27E39 /* Controllers */,
				BA789C732B62EC2E00C27E39 /* Models */,
				BA789C722B62EC2700C27E39 /* Views */,
				BA789C712B62EC1A00C27E39 /* ViewModels */,
				BA789C702B62EC0900C27E39 /* APIClient */,
				BA789C6F2B62EBFF00C27E39 /* Managers */,
				BA789C6E2B62EBF700C27E39 /* Resources */,
				BA789C682B62D75000C27E39 /* Info.plist */,
			);
			path = RickAndMorty;
			sourceTree = "<group>";
		};
		BA789C6E2B62EBF700C27E39 /* Resources */ = {
			isa = PBXGroup;
			children = (
				BA789C5A2B62D74C00C27E39 /* AppDelegate.swift */,
				BA789C5C2B62D74C00C27E39 /* SceneDelegate.swift */,
				BA789C632B62D75000C27E39 /* Assets.xcassets */,
				BA789C652B62D75000C27E39 /* LaunchScreen.storyboard */,
			);
			path = Resources;
			sourceTree = "<group>";
		};
		BA789C6F2B62EBFF00C27E39 /* Managers */ = {
			isa = PBXGroup;
			children = (
			);
			path = Managers;
			sourceTree = "<group>";
		};
		BA789C702B62EC0900C27E39 /* APIClient */ = {
			isa = PBXGroup;
			children = (
				BA789C852B630DFD00C27E39 /* RMService.swift */,
				BA789C872B630E0900C27E39 /* RMRequest.swift */,
				BA789C892B6360A200C27E39 /* RMEndpoint.swift */,
			);
			path = APIClient;
			sourceTree = "<group>";
		};
		BA789C712B62EC1A00C27E39 /* ViewModels */ = {
			isa = PBXGroup;
			children = (
			);
			name = ViewModels;
			sourceTree = "<group>";
		};
		BA789C722B62EC2700C27E39 /* Views */ = {
			isa = PBXGroup;
			children = (
			);
			path = Views;
			sourceTree = "<group>";
		};
		BA789C732B62EC2E00C27E39 /* Models */ = {
			isa = PBXGroup;
			children = (
				BA789C752B62EE9000C27E39 /* RMLocation.swift */,
				BA789C772B62EE9D00C27E39 /* RMCharacter.swift */,
				BA789C792B62EEAA00C27E39 /* RMEpisode.swift */,
			);
			path = Models;
			sourceTree = "<group>";
		};
		BA789C742B62EDD500C27E39 /* Controllers */ = {
			isa = PBXGroup;
			children = (
				BA789C7B2B62F62600C27E39 /* Core */,
			);
			path = Controllers;
			sourceTree = "<group>";
		};
		BA789C7B2B62F62600C27E39 /* Core */ = {
			isa = PBXGroup;
			children = (
				BA789C5E2B62D74C00C27E39 /* RMTabBarController.swift */,
				BA789C7D2B62F66E00C27E39 /* RMCharacterViewController.swift */,
				BA789C7F2B62F68700C27E39 /* RMEpisodeViewController.swift */,
				BA789C812B62F6A100C27E39 /* RMLocationViewController.swift */,
				BA789C832B62F6D200C27E39 /* RMSettingsViewController.swift */,
			);
			path = Core;
			sourceTree = "<group>";
		};
/* End PBXGroup section */

/* Begin PBXNativeTarget section */
		BA789C562B62D74C00C27E39 /* RickAndMorty */ = {
			isa = PBXNativeTarget;
			buildConfigurationList = BA789C6B2B62D75000C27E39 /* Build configuration list for PBXNativeTarget "RickAndMorty" */;
			buildPhases = (
				BA789C532B62D74C00C27E39 /* Sources */,
				BA789C542B62D74C00C27E39 /* Frameworks */,
				BA789C552B62D74C00C27E39 /* Resources */,
			);
			buildRules = (
			);
			dependencies = (
			);
			name = RickAndMorty;
			productName = RickAndMorty;
			productReference = BA789C572B62D74C00C27E39 /* RickAndMorty.app */;
			productType = "com.apple.product-type.application";
		};
/* End PBXNativeTarget section */

/* Begin PBXProject section */
		BA789C4F2B62D74C00C27E39 /* Project object */ = {
			isa = PBXProject;
			attributes = {
				BuildIndependentTargetsInParallel = 1;
				LastSwiftUpdateCheck = 1500;
				LastUpgradeCheck = 1500;
				TargetAttributes = {
					BA789C562B62D74C00C27E39 = {
						CreatedOnToolsVersion = 15.0.1;
					};
				};
			};
			buildConfigurationList = BA789C522B62D74C00C27E39 /* Build configuration list for PBXProject "RickAndMorty" */;
			compatibilityVersion = "Xcode 14.0";
			developmentRegion = en;
			hasScannedForEncodings = 0;
			knownRegions = (
				en,
				Base,
			);
			mainGroup = BA789C4E2B62D74C00C27E39;
			productRefGroup = BA789C582B62D74C00C27E39 /* Products */;
			projectDirPath = "";
			projectRoot = "";
			targets = (
				BA789C562B62D74C00C27E39 /* RickAndMorty */,
			);
		};
/* End PBXProject section */

/* Begin PBXResourcesBuildPhase section */
		BA789C552B62D74C00C27E39 /* Resources */ = {
			isa = PBXResourcesBuildPhase;
			buildActionMask = 2147483647;
			files = (
				BA789C672B62D75000C27E39 /* LaunchScreen.storyboard in Resources */,
				BA789C642B62D75000C27E39 /* Assets.xcassets in Resources */,
			);
			runOnlyForDeploymentPostprocessing = 0;
		};
/* End PBXResourcesBuildPhase section */

/* Begin PBXSourcesBuildPhase section */
		BA789C532B62D74C00C27E39 /* Sources */ = {
			isa = PBXSourcesBuildPhase;
			buildActionMask = 2147483647;
			files = (
				BA789C822B62F6A100C27E39 /* RMLocationViewController.swift in Sources */,
				BA789C7A2B62EEAA00C27E39 /* RMEpisode.swift in Sources */,
				BA789C5F2B62D74C00C27E39 /* RMTabBarController.swift in Sources */,
				BA789C5B2B62D74C00C27E39 /* AppDelegate.swift in Sources */,
				BA789C5D2B62D74C00C27E39 /* SceneDelegate.swift in Sources */,
				BA789C762B62EE9000C27E39 /* RMLocation.swift in Sources */,
				BA789C842B62F6D200C27E39 /* RMSettingsViewController.swift in Sources */,
				BA789C862B630DFD00C27E39 /* RMService.swift in Sources */,
				BA789C782B62EE9D00C27E39 /* RMCharacter.swift in Sources */,
				BA789C8A2B6360A200C27E39 /* RMEndpoint.swift in Sources */,
				BA789C7E2B62F66E00C27E39 /* RMCharacterViewController.swift in Sources */,
				BA789C882B630E0900C27E39 /* RMRequest.swift in Sources */,
				BA789C802B62F68700C27E39 /* RMEpisodeViewController.swift in Sources */,
			);
			runOnlyForDeploymentPostprocessing = 0;
		};
/* End PBXSourcesBuildPhase section */

/* Begin PBXVariantGroup section */
		BA789C652B62D75000C27E39 /* LaunchScreen.storyboard */ = {
			isa = PBXVariantGroup;
			children = (
				BA789C662B62D75000C27E39 /* Base */,
			);
			name = LaunchScreen.storyboard;
			sourceTree = "<group>";
		};
/* End PBXVariantGroup section */

/* Begin XCBuildConfiguration section */
		BA789C692B62D75000C27E39 /* Debug */ = {
			isa = XCBuildConfiguration;
			buildSettings = {
				ALWAYS_SEARCH_USER_PATHS = NO;
				ASSETCATALOG_COMPILER_GENERATE_SWIFT_ASSET_SYMBOL_EXTENSIONS = YES;
				CLANG_ANALYZER_NONNULL = YES;
				CLANG_ANALYZER_NUMBER_OBJECT_CONVERSION = YES_AGGRESSIVE;
				CLANG_CXX_LANGUAGE_STANDARD = "gnu++20";
				CLANG_ENABLE_MODULES = YES;
				CLANG_ENABLE_OBJC_ARC = YES;
				CLANG_ENABLE_OBJC_WEAK = YES;
				CLANG_WARN_BLOCK_CAPTURE_AUTORELEASING = YES;
				CLANG_WARN_BOOL_CONVERSION = YES;
				CLANG_WARN_COMMA = YES;
				CLANG_WARN_CONSTANT_CONVERSION = YES;
				CLANG_WARN_DEPRECATED_OBJC_IMPLEMENTATIONS = YES;
				CLANG_WARN_DIRECT_OBJC_ISA_USAGE = YES_ERROR;
				CLANG_WARN_DOCUMENTATION_COMMENTS = YES;
				CLANG_WARN_EMPTY_BODY = YES;
				CLANG_WARN_ENUM_CONVERSION = YES;
				CLANG_WARN_INFINITE_RECURSION = YES;
				CLANG_WARN_INT_CONVERSION = YES;
				CLANG_WARN_NON_LITERAL_NULL_CONVERSION = YES;
				CLANG_WARN_OBJC_IMPLICIT_RETAIN_SELF = YES;
				CLANG_WARN_OBJC_LITERAL_CONVERSION = YES;
				CLANG_WARN_OBJC_ROOT_CLASS = YES_ERROR;
				CLANG_WARN_QUOTED_INCLUDE_IN_FRAMEWORK_HEADER = YES;
				CLANG_WARN_RANGE_LOOP_ANALYSIS = YES;
				CLANG_WARN_STRICT_PROTOTYPES = YES;
				CLANG_WARN_SUSPICIOUS_MOVE = YES;
				CLANG_WARN_UNGUARDED_AVAILABILITY = YES_AGGRESSIVE;
				CLANG_WARN_UNREACHABLE_CODE = YES;
				CLANG_WARN__DUPLICATE_METHOD_MATCH = YES;
				COPY_PHASE_STRIP = NO;
				DEBUG_INFORMATION_FORMAT = dwarf;
				ENABLE_STRICT_OBJC_MSGSEND = YES;
				ENABLE_TESTABILITY = YES;
				ENABLE_USER_SCRIPT_SANDBOXING = YES;
				GCC_C_LANGUAGE_STANDARD = gnu17;
				GCC_DYNAMIC_NO_PIC = NO;
				GCC_NO_COMMON_BLOCKS = YES;
				GCC_OPTIMIZATION_LEVEL = 0;
				GCC_PREPROCESSOR_DEFINITIONS = (
					"DEBUG=1",
					"$(inherited)",
				);
				GCC_WARN_64_TO_32_BIT_CONVERSION = YES;
				GCC_WARN_ABOUT_RETURN_TYPE = YES_ERROR;
				GCC_WARN_UNDECLARED_SELECTOR = YES;
				GCC_WARN_UNINITIALIZED_AUTOS = YES_AGGRESSIVE;
				GCC_WARN_UNUSED_FUNCTION = YES;
				GCC_WARN_UNUSED_VARIABLE = YES;
				IPHONEOS_DEPLOYMENT_TARGET = 17.0;
				LOCALIZATION_PREFERS_STRING_CATALOGS = YES;
				MTL_ENABLE_DEBUG_INFO = INCLUDE_SOURCE;
				MTL_FAST_MATH = YES;
				ONLY_ACTIVE_ARCH = YES;
				SDKROOT = iphoneos;
				SWIFT_ACTIVE_COMPILATION_CONDITIONS = "DEBUG $(inherited)";
				SWIFT_OPTIMIZATION_LEVEL = "-Onone";
			};
			name = Debug;
		};
		BA789C6A2B62D75000C27E39 /* Release */ = {
			isa = XCBuildConfiguration;
			buildSettings = {
				ALWAYS_SEARCH_USER_PATHS = NO;
				ASSETCATALOG_COMPILER_GENERATE_SWIFT_ASSET_SYMBOL_EXTENSIONS = YES;
				CLANG_ANALYZER_NONNULL = YES;
				CLANG_ANALYZER_NUMBER_OBJECT_CONVERSION = YES_AGGRESSIVE;
				CLANG_CXX_LANGUAGE_STANDARD = "gnu++20";
				CLANG_ENABLE_MODULES = YES;
				CLANG_ENABLE_OBJC_ARC = YES;
				CLANG_ENABLE_OBJC_WEAK = YES;
				CLANG_WARN_BLOCK_CAPTURE_AUTORELEASING = YES;
				CLANG_WARN_BOOL_CONVERSION = YES;
				CLANG_WARN_COMMA = YES;
				CLANG_WARN_CONSTANT_CONVERSION = YES;
				CLANG_WARN_DEPRECATED_OBJC_IMPLEMENTATIONS = YES;
				CLANG_WARN_DIRECT_OBJC_ISA_USAGE = YES_ERROR;
				CLANG_WARN_DOCUMENTATION_COMMENTS = YES;
				CLANG_WARN_EMPTY_BODY = YES;
				CLANG_WARN_ENUM_CONVERSION = YES;
				CLANG_WARN_INFINITE_RECURSION = YES;
				CLANG_WARN_INT_CONVERSION = YES;
				CLANG_WARN_NON_LITERAL_NULL_CONVERSION = YES;
				CLANG_WARN_OBJC_IMPLICIT_RETAIN_SELF = YES;
				CLANG_WARN_OBJC_LITERAL_CONVERSION = YES;
				CLANG_WARN_OBJC_ROOT_CLASS = YES_ERROR;
				CLANG_WARN_QUOTED_INCLUDE_IN_FRAMEWORK_HEADER = YES;
				CLANG_WARN_RANGE_LOOP_ANALYSIS = YES;
				CLANG_WARN_STRICT_PROTOTYPES = YES;
				CLANG_WARN_SUSPICIOUS_MOVE = YES;
				CLANG_WARN_UNGUARDED_AVAILABILITY = YES_AGGRESSIVE;
				CLANG_WARN_UNREACHABLE_CODE = YES;
				CLANG_WARN__DUPLICATE_METHOD_MATCH = YES;
				COPY_PHASE_STRIP = NO;
				DEBUG_INFORMATION_FORMAT = "dwarf-with-dsym";
				ENABLE_NS_ASSERTIONS = NO;
				ENABLE_STRICT_OBJC_MSGSEND = YES;
				ENABLE_USER_SCRIPT_SANDBOXING = YES;
				GCC_C_LANGUAGE_STANDARD = gnu17;
				GCC_NO_COMMON_BLOCKS = YES;
				GCC_WARN_64_TO_32_BIT_CONVERSION = YES;
				GCC_WARN_ABOUT_RETURN_TYPE = YES_ERROR;
				GCC_WARN_UNDECLARED_SELECTOR = YES;
				GCC_WARN_UNINITIALIZED_AUTOS = YES_AGGRESSIVE;
				GCC_WARN_UNUSED_FUNCTION = YES;
				GCC_WARN_UNUSED_VARIABLE = YES;
				IPHONEOS_DEPLOYMENT_TARGET = 17.0;
				LOCALIZATION_PREFERS_STRING_CATALOGS = YES;
				MTL_ENABLE_DEBUG_INFO = NO;
				MTL_FAST_MATH = YES;
				SDKROOT = iphoneos;
				SWIFT_COMPILATION_MODE = wholemodule;
				VALIDATE_PRODUCT = YES;
			};
			name = Release;
		};
		BA789C6C2B62D75000C27E39 /* Debug */ = {
			isa = XCBuildConfiguration;
			buildSettings = {
				ASSETCATALOG_COMPILER_APPICON_NAME = AppIcon;
				ASSETCATALOG_COMPILER_GLOBAL_ACCENT_COLOR_NAME = AccentColor;
				CODE_SIGN_STYLE = Automatic;
				CURRENT_PROJECT_VERSION = 1;
				DEVELOPMENT_TEAM = M74ZCP24NH;
				GENERATE_INFOPLIST_FILE = YES;
				INFOPLIST_FILE = RickAndMorty/Info.plist;
				INFOPLIST_KEY_UIApplicationSupportsIndirectInputEvents = YES;
				INFOPLIST_KEY_UILaunchStoryboardName = LaunchScreen;
				INFOPLIST_KEY_UISupportedInterfaceOrientations_iPad = "UIInterfaceOrientationPortrait UIInterfaceOrientationPortraitUpsideDown UIInterfaceOrientationLandscapeLeft UIInterfaceOrientationLandscapeRight";
				INFOPLIST_KEY_UISupportedInterfaceOrientations_iPhone = "UIInterfaceOrientationPortrait UIInterfaceOrientationLandscapeLeft UIInterfaceOrientationLandscapeRight";
				LD_RUNPATH_SEARCH_PATHS = (
					"$(inherited)",
					"@executable_path/Frameworks",
				);
				MARKETING_VERSION = 1.0;
				PRODUCT_BUNDLE_IDENTIFIER = com.ugorji.muna.RickAndMorty;
				PRODUCT_NAME = "$(TARGET_NAME)";
				SWIFT_EMIT_LOC_STRINGS = YES;
				SWIFT_VERSION = 5.0;
				TARGETED_DEVICE_FAMILY = "1,2";
			};
			name = Debug;
		};
		BA789C6D2B62D75000C27E39 /* Release */ = {
			isa = XCBuildConfiguration;
			buildSettings = {
				ASSETCATALOG_COMPILER_APPICON_NAME = AppIcon;
				ASSETCATALOG_COMPILER_GLOBAL_ACCENT_COLOR_NAME = AccentColor;
				CODE_SIGN_STYLE = Automatic;
				CURRENT_PROJECT_VERSION = 1;
				DEVELOPMENT_TEAM = M74ZCP24NH;
				GENERATE_INFOPLIST_FILE = YES;
				INFOPLIST_FILE = RickAndMorty/Info.plist;
				INFOPLIST_KEY_UIApplicationSupportsIndirectInputEvents = YES;
				INFOPLIST_KEY_UILaunchStoryboardName = LaunchScreen;
				INFOPLIST_KEY_UISupportedInterfaceOrientations_iPad = "UIInterfaceOrientationPortrait UIInterfaceOrientationPortraitUpsideDown UIInterfaceOrientationLandscapeLeft UIInterfaceOrientationLandscapeRight";
				INFOPLIST_KEY_UISupportedInterfaceOrientations_iPhone = "UIInterfaceOrientationPortrait UIInterfaceOrientationLandscapeLeft UIInterfaceOrientationLandscapeRight";
				LD_RUNPATH_SEARCH_PATHS = (
					"$(inherited)",
					"@executable_path/Frameworks",
				);
				MARKETING_VERSION = 1.0;
				PRODUCT_BUNDLE_IDENTIFIER = com.ugorji.muna.RickAndMorty;
				PRODUCT_NAME = "$(TARGET_NAME)";
				SWIFT_EMIT_LOC_STRINGS = YES;
				SWIFT_VERSION = 5.0;
				TARGETED_DEVICE_FAMILY = "1,2";
			};
			name = Release;
		};
/* End XCBuildConfiguration section */

/* Begin XCConfigurationList section */
		BA789C522B62D74C00C27E39 /* Build configuration list for PBXProject "RickAndMorty" */ = {
			isa = XCConfigurationList;
			buildConfigurations = (
				BA789C692B62D75000C27E39 /* Debug */,
				BA789C6A2B62D75000C27E39 /* Release */,
			);
			defaultConfigurationIsVisible = 0;
			defaultConfigurationName = Release;
		};
		BA789C6B2B62D75000C27E39 /* Build configuration list for PBXNativeTarget "RickAndMorty" */ = {
			isa = XCConfigurationList;
			buildConfigurations = (
				BA789C6C2B62D75000C27E39 /* Debug */,
				BA789C6D2B62D75000C27E39 /* Release */,
			);
			defaultConfigurationIsVisible = 0;
			defaultConfigurationName = Release;
		};
/* End XCConfigurationList section */
	};
	rootObject = BA789C4F2B62D74C00C27E39 /* Project object */;
}
